
Microsoft Visual Studio Solution File, Format Version 12.00
# Visual Studio Version 16
VisualStudioVersion = 16.0.810.17
MinimumVisualStudioVersion = 10.0.40219.1
Project("{FAE04EC0-301F-11D3-BF4B-00C04F79EFBC}") = "AutomationService", "AutomationService\AutomationService.csproj", "{415265DA-30B6-408A-8307-FB6BC3B88A87}"
EndProject
Project("{FAE04EC0-301F-11D3-BF4B-00C04F79EFBC}") = "Automation-test", "Automation-test\Automation-test.csproj", "{4817B321-0966-4714-953D-A2A8B7CE5107}"
EndProject
Project("{2150E333-8FDC-42A3-9474-1A3956D46DE8}") = "Solution Items", "Solution Items", "{24EB67AD-90FA-455F-B839-3318922645AB}"
	ProjectSection(SolutionItems) = preProject
		.gitignore = .gitignore
	EndProjectSection
EndProject
Global
	GlobalSection(SolutionConfigurationPlatforms) = preSolution
		Debug|Any CPU = Debug|Any CPU
		Release|Any CPU = Release|Any CPU
	EndGlobalSection
	GlobalSection(ProjectConfigurationPlatforms) = postSolution
		{415265DA-30B6-408A-8307-FB6BC3B88A87}.Debug|Any CPU.ActiveCfg = Debug|Any CPU
		{415265DA-30B6-408A-8307-FB6BC3B88A87}.Debug|Any CPU.Build.0 = Debug|Any CPU
		{415265DA-30B6-408A-8307-FB6BC3B88A87}.Release|Any CPU.ActiveCfg = Release|Any CPU
		{415265DA-30B6-408A-8307-FB6BC3B88A87}.Release|Any CPU.Build.0 = Release|Any CPU
		{4817B321-0966-4714-953D-A2A8B7CE5107}.Debug|Any CPU.ActiveCfg = Debug|Any CPU
		{4817B321-0966-4714-953D-A2A8B7CE5107}.Debug|Any CPU.Build.0 = Debug|Any CPU
		{4817B321-0966-4714-953D-A2A8B7CE5107}.Release|Any CPU.ActiveCfg = Release|Any CPU
		{4817B321-0966-4714-953D-A2A8B7CE5107}.Release|Any CPU.Build.0 = Release|Any CPU
	EndGlobalSection
	GlobalSection(SolutionProperties) = preSolution
		HideSolutionNode = FALSE
	EndGlobalSection
	GlobalSection(ExtensibilityGlobals) = postSolution
		SolutionGuid = {2EA5EB4C-C010-4B65-8482-63E795C848FE}
	EndGlobalSection
EndGlobal
